// !$*UTF8*$!
{
	archiveVersion = 1;
	classes = {
	};
	objectVersion = 48;
	objects = {

/* Begin PBXBuildFile section */
		A6FFAB9220250A5000F61238 /* Codewars.framework in Frameworks */ = {isa = PBXBuildFile; fileRef = A6FFAB8820250A5000F61238 /* Codewars.framework */; };
		A6FFAB9720250A5000F61238 /* CodewarsTests.swift in Sources */ = {isa = PBXBuildFile; fileRef = A6FFAB9620250A5000F61238 /* CodewarsTests.swift */; };
		A6FFAB9920250A5000F61238 /* Codewars.h in Headers */ = {isa = PBXBuildFile; fileRef = A6FFAB8B20250A5000F61238 /* Codewars.h */; settings = {ATTRIBUTES = (Public, ); }; };
		A6FFABA320250A9F00F61238 /* ArrayFolding.swift in Sources */ = {isa = PBXBuildFile; fileRef = A6FFABA220250A9F00F61238 /* ArrayFolding.swift */; };
		A6FFABE720250CD300F61238 /* AppDelegate.swift in Sources */ = {isa = PBXBuildFile; fileRef = A6FFABE620250CD300F61238 /* AppDelegate.swift */; };
		A6FFABE920250CD300F61238 /* Assets.xcassets in Resources */ = {isa = PBXBuildFile; fileRef = A6FFABE820250CD300F61238 /* Assets.xcassets */; };
		A6FFABEC20250CD300F61238 /* MainMenu.xib in Resources */ = {isa = PBXBuildFile; fileRef = A6FFABEA20250CD300F61238 /* MainMenu.xib */; };
		A6FFABF320250D5F00F61238 /* Codewars.framework in Frameworks */ = {isa = PBXBuildFile; fileRef = A6FFAB8820250A5000F61238 /* Codewars.framework */; };
		A6FFABF520250D8200F61238 /* MainClass.swift in Sources */ = {isa = PBXBuildFile; fileRef = A6FFABF420250D8200F61238 /* MainClass.swift */; };
/* End PBXBuildFile section */

/* Begin PBXContainerItemProxy section */
		A6FFAB9320250A5000F61238 /* PBXContainerItemProxy */ = {
			isa = PBXContainerItemProxy;
			containerPortal = A6FFAB7F20250A5000F61238 /* Project object */;
			proxyType = 1;
			remoteGlobalIDString = A6FFAB8720250A5000F61238;
			remoteInfo = Codewars;
		};
/* End PBXContainerItemProxy section */

/* Begin PBXFileReference section */
		A6FFAB8820250A5000F61238 /* Codewars.framework */ = {isa = PBXFileReference; explicitFileType = wrapper.framework; includeInIndex = 0; path = Codewars.framework; sourceTree = BUILT_PRODUCTS_DIR; };
		A6FFAB8B20250A5000F61238 /* Codewars.h */ = {isa = PBXFileReference; lastKnownFileType = sourcecode.c.h; path = Codewars.h; sourceTree = "<group>"; };
		A6FFAB8C20250A5000F61238 /* Info.plist */ = {isa = PBXFileReference; lastKnownFileType = text.plist.xml; path = Info.plist; sourceTree = "<group>"; };
		A6FFAB9120250A5000F61238 /* CodewarsTests.xctest */ = {isa = PBXFileReference; explicitFileType = wrapper.cfbundle; includeInIndex = 0; path = CodewarsTests.xctest; sourceTree = BUILT_PRODUCTS_DIR; };
		A6FFAB9620250A5000F61238 /* CodewarsTests.swift */ = {isa = PBXFileReference; lastKnownFileType = sourcecode.swift; path = CodewarsTests.swift; sourceTree = "<group>"; };
		A6FFAB9820250A5000F61238 /* Info.plist */ = {isa = PBXFileReference; lastKnownFileType = text.plist.xml; path = Info.plist; sourceTree = "<group>"; };
		A6FFABA220250A9F00F61238 /* ArrayFolding.swift */ = {isa = PBXFileReference; lastKnownFileType = sourcecode.swift; path = ArrayFolding.swift; sourceTree = "<group>"; };
		A6FFABE420250CD300F61238 /* CodewarsApp.app */ = {isa = PBXFileReference; explicitFileType = wrapper.application; includeInIndex = 0; path = CodewarsApp.app; sourceTree = BUILT_PRODUCTS_DIR; };
		A6FFABE620250CD300F61238 /* AppDelegate.swift */ = {isa = PBXFileReference; lastKnownFileType = sourcecode.swift; path = AppDelegate.swift; sourceTree = "<group>"; };
		A6FFABE820250CD300F61238 /* Assets.xcassets */ = {isa = PBXFileReference; lastKnownFileType = folder.assetcatalog; path = Assets.xcassets; sourceTree = "<group>"; };
		A6FFABEB20250CD300F61238 /* Base */ = {isa = PBXFileReference; lastKnownFileType = file.xib; name = Base; path = Base.lproj/MainMenu.xib; sourceTree = "<group>"; };
		A6FFABED20250CD300F61238 /* Info.plist */ = {isa = PBXFileReference; lastKnownFileType = text.plist.xml; path = Info.plist; sourceTree = "<group>"; };
		A6FFABEE20250CD300F61238 /* CodewarsApp.entitlements */ = {isa = PBXFileReference; lastKnownFileType = text.plist.entitlements; path = CodewarsApp.entitlements; sourceTree = "<group>"; };
		A6FFABF420250D8200F61238 /* MainClass.swift */ = {isa = PBXFileReference; lastKnownFileType = sourcecode.swift; path = MainClass.swift; sourceTree = "<group>"; };
/* End PBXFileReference section */

/* Begin PBXFrameworksBuildPhase section */
		A6FFAB8420250A5000F61238 /* Frameworks */ = {
			isa = PBXFrameworksBuildPhase;
			buildActionMask = 2147483647;
			files = (
			);
			runOnlyForDeploymentPostprocessing = 0;
		};
		A6FFAB8E20250A5000F61238 /* Frameworks */ = {
			isa = PBXFrameworksBuildPhase;
			buildActionMask = 2147483647;
			files = (
				A6FFAB9220250A5000F61238 /* Codewars.framework in Frameworks */,
			);
			runOnlyForDeploymentPostprocessing = 0;
		};
		A6FFABE120250CD300F61238 /* Frameworks */ = {
			isa = PBXFrameworksBuildPhase;
			buildActionMask = 2147483647;
			files = (
				A6FFABF320250D5F00F61238 /* Codewars.framework in Frameworks */,
			);
			runOnlyForDeploymentPostprocessing = 0;
		};
/* End PBXFrameworksBuildPhase section */

/* Begin PBXGroup section */
		A6FFAB7E20250A5000F61238 = {
			isa = PBXGroup;
			children = (
				A6FFABE520250CD300F61238 /* CodewarsApp */,
				A6FFAB8A20250A5000F61238 /* Codewars */,
				A6FFAB9520250A5000F61238 /* CodewarsTests */,
				A6FFAB8920250A5000F61238 /* Products */,
				A6FFABDC20250BFC00F61238 /* Frameworks */,
			);
			sourceTree = "<group>";
		};
		A6FFAB8920250A5000F61238 /* Products */ = {
			isa = PBXGroup;
			children = (
				A6FFAB8820250A5000F61238 /* Codewars.framework */,
				A6FFAB9120250A5000F61238 /* CodewarsTests.xctest */,
				A6FFABE420250CD300F61238 /* CodewarsApp.app */,
			);
			name = Products;
			sourceTree = "<group>";
		};
		A6FFAB8A20250A5000F61238 /* Codewars */ = {
			isa = PBXGroup;
			children = (
				A6FFAB8B20250A5000F61238 /* Codewars.h */,
				A6FFAB8C20250A5000F61238 /* Info.plist */,
				A6FFABA220250A9F00F61238 /* ArrayFolding.swift */,
			);
			path = Codewars;
			sourceTree = "<group>";
		};
		A6FFAB9520250A5000F61238 /* CodewarsTests */ = {
			isa = PBXGroup;
			children = (
				A6FFAB9620250A5000F61238 /* CodewarsTests.swift */,
				A6FFAB9820250A5000F61238 /* Info.plist */,
			);
			path = CodewarsTests;
			sourceTree = "<group>";
		};
		A6FFABDC20250BFC00F61238 /* Frameworks */ = {
			isa = PBXGroup;
			children = (
			);
			name = Frameworks;
			sourceTree = "<group>";
		};
		A6FFABE520250CD300F61238 /* CodewarsApp */ = {
			isa = PBXGroup;
			children = (
				A6FFABF620250DA900F61238 /* Support */,
				A6FFABF420250D8200F61238 /* MainClass.swift */,
			);
			path = CodewarsApp;
			sourceTree = "<group>";
		};
		A6FFABF620250DA900F61238 /* Support */ = {
			isa = PBXGroup;
			children = (
				A6FFABE620250CD300F61238 /* AppDelegate.swift */,
				A6FFABE820250CD300F61238 /* Assets.xcassets */,
				A6FFABEA20250CD300F61238 /* MainMenu.xib */,
				A6FFABED20250CD300F61238 /* Info.plist */,
				A6FFABEE20250CD300F61238 /* CodewarsApp.entitlements */,
			);
			path = Support;
			sourceTree = "<group>";
		};
/* End PBXGroup section */

/* Begin PBXHeadersBuildPhase section */
		A6FFAB8520250A5000F61238 /* Headers */ = {
			isa = PBXHeadersBuildPhase;
			buildActionMask = 2147483647;
			files = (
				A6FFAB9920250A5000F61238 /* Codewars.h in Headers */,
			);
			runOnlyForDeploymentPostprocessing = 0;
		};
/* End PBXHeadersBuildPhase section */

/* Begin PBXNativeTarget section */
		A6FFAB8720250A5000F61238 /* Codewars */ = {
			isa = PBXNativeTarget;
			buildConfigurationList = A6FFAB9C20250A5000F61238 /* Build configuration list for PBXNativeTarget "Codewars" */;
			buildPhases = (
				A6FFAB8320250A5000F61238 /* Sources */,
				A6FFAB8420250A5000F61238 /* Frameworks */,
				A6FFAB8520250A5000F61238 /* Headers */,
				A6FFAB8620250A5000F61238 /* Resources */,
			);
			buildRules = (
			);
			dependencies = (
			);
			name = Codewars;
			productName = Codewars;
			productReference = A6FFAB8820250A5000F61238 /* Codewars.framework */;
			productType = "com.apple.product-type.framework";
		};
		A6FFAB9020250A5000F61238 /* CodewarsTests */ = {
			isa = PBXNativeTarget;
			buildConfigurationList = A6FFAB9F20250A5000F61238 /* Build configuration list for PBXNativeTarget "CodewarsTests" */;
			buildPhases = (
				A6FFAB8D20250A5000F61238 /* Sources */,
				A6FFAB8E20250A5000F61238 /* Frameworks */,
				A6FFAB8F20250A5000F61238 /* Resources */,
			);
			buildRules = (
			);
			dependencies = (
				A6FFAB9420250A5000F61238 /* PBXTargetDependency */,
			);
			name = CodewarsTests;
			productName = CodewarsTests;
			productReference = A6FFAB9120250A5000F61238 /* CodewarsTests.xctest */;
			productType = "com.apple.product-type.bundle.unit-test";
		};
		A6FFABE320250CD300F61238 /* CodewarsApp */ = {
			isa = PBXNativeTarget;
			buildConfigurationList = A6FFABEF20250CD300F61238 /* Build configuration list for PBXNativeTarget "CodewarsApp" */;
			buildPhases = (
				A6FFABE020250CD300F61238 /* Sources */,
				A6FFABE120250CD300F61238 /* Frameworks */,
				A6FFABE220250CD300F61238 /* Resources */,
			);
			buildRules = (
			);
			dependencies = (
			);
			name = CodewarsApp;
			productName = CodewarsApp;
			productReference = A6FFABE420250CD300F61238 /* CodewarsApp.app */;
			productType = "com.apple.product-type.application";
		};
/* End PBXNativeTarget section */

/* Begin PBXProject section */
		A6FFAB7F20250A5000F61238 /* Project object */ = {
			isa = PBXProject;
			attributes = {
				LastSwiftUpdateCheck = 0920;
				LastUpgradeCheck = 0920;
				ORGANIZATIONNAME = "Igor Kislyuk";
				TargetAttributes = {
					A6FFAB8720250A5000F61238 = {
						CreatedOnToolsVersion = 9.2;
						LastSwiftMigration = 0920;
						ProvisioningStyle = Automatic;
					};
					A6FFAB9020250A5000F61238 = {
						CreatedOnToolsVersion = 9.2;
						ProvisioningStyle = Automatic;
					};
					A6FFABE320250CD300F61238 = {
						CreatedOnToolsVersion = 9.2;
						ProvisioningStyle = Automatic;
					};
				};
			};
			buildConfigurationList = A6FFAB8220250A5000F61238 /* Build configuration list for PBXProject "Codewars" */;
			compatibilityVersion = "Xcode 8.0";
			developmentRegion = en;
			hasScannedForEncodings = 0;
			knownRegions = (
				en,
				Base,
			);
			mainGroup = A6FFAB7E20250A5000F61238;
			productRefGroup = A6FFAB8920250A5000F61238 /* Products */;
			projectDirPath = "";
			projectRoot = "";
			targets = (
				A6FFABE320250CD300F61238 /* CodewarsApp */,
				A6FFAB8720250A5000F61238 /* Codewars */,
				A6FFAB9020250A5000F61238 /* CodewarsTests */,
			);
		};
/* End PBXProject section */

/* Begin PBXResourcesBuildPhase section */
		A6FFAB8620250A5000F61238 /* Resources */ = {
			isa = PBXResourcesBuildPhase;
			buildActionMask = 2147483647;
			files = (
			);
			runOnlyForDeploymentPostprocessing = 0;
		};
		A6FFAB8F20250A5000F61238 /* Resources */ = {
			isa = PBXResourcesBuildPhase;
			buildActionMask = 2147483647;
			files = (
			);
			runOnlyForDeploymentPostprocessing = 0;
		};
		A6FFABE220250CD300F61238 /* Resources */ = {
			isa = PBXResourcesBuildPhase;
			buildActionMask = 2147483647;
			files = (
				A6FFABE920250CD300F61238 /* Assets.xcassets in Resources */,
				A6FFABEC20250CD300F61238 /* MainMenu.xib in Resources */,
			);
			runOnlyForDeploymentPostprocessing = 0;
		};
/* End PBXResourcesBuildPhase section */

/* Begin PBXSourcesBuildPhase section */
		A6FFAB8320250A5000F61238 /* Sources */ = {
			isa = PBXSourcesBuildPhase;
			buildActionMask = 2147483647;
			files = (
				A6FFABA320250A9F00F61238 /* ArrayFolding.swift in Sources */,
			);
			runOnlyForDeploymentPostprocessing = 0;
		};
		A6FFAB8D20250A5000F61238 /* Sources */ = {
			isa = PBXSourcesBuildPhase;
			buildActionMask = 2147483647;
			files = (
				A6FFAB9720250A5000F61238 /* CodewarsTests.swift in Sources */,
			);
			runOnlyForDeploymentPostprocessing = 0;
		};
		A6FFABE020250CD300F61238 /* Sources */ = {
			isa = PBXSourcesBuildPhase;
			buildActionMask = 2147483647;
			files = (
				A6FFABF520250D8200F61238 /* MainClass.swift in Sources */,
				A6FFABE720250CD300F61238 /* AppDelegate.swift in Sources */,
			);
			runOnlyForDeploymentPostprocessing = 0;
		};
/* End PBXSourcesBuildPhase section */

/* Begin PBXTargetDependency section */
		A6FFAB9420250A5000F61238 /* PBXTargetDependency */ = {
			isa = PBXTargetDependency;
			target = A6FFAB8720250A5000F61238 /* Codewars */;
			targetProxy = A6FFAB9320250A5000F61238 /* PBXContainerItemProxy */;
		};
/* End PBXTargetDependency section */

/* Begin PBXVariantGroup section */
		A6FFABEA20250CD300F61238 /* MainMenu.xib */ = {
			isa = PBXVariantGroup;
			children = (
				A6FFABEB20250CD300F61238 /* Base */,
			);
			name = MainMenu.xib;
			sourceTree = "<group>";
		};
/* End PBXVariantGroup section */

/* Begin XCBuildConfiguration section */
		A6FFAB9A20250A5000F61238 /* Debug */ = {
			isa = XCBuildConfiguration;
			buildSettings = {
				ALWAYS_SEARCH_USER_PATHS = NO;
				CLANG_ANALYZER_NONNULL = YES;
				CLANG_ANALYZER_NUMBER_OBJECT_CONVERSION = YES_AGGRESSIVE;
				CLANG_CXX_LANGUAGE_STANDARD = "gnu++14";
				CLANG_CXX_LIBRARY = "libc++";
				CLANG_ENABLE_MODULES = YES;
				CLANG_ENABLE_OBJC_ARC = YES;
				CLANG_WARN_BLOCK_CAPTURE_AUTORELEASING = YES;
				CLANG_WARN_BOOL_CONVERSION = YES;
				CLANG_WARN_COMMA = YES;
				CLANG_WARN_CONSTANT_CONVERSION = YES;
				CLANG_WARN_DIRECT_OBJC_ISA_USAGE = YES_ERROR;
				CLANG_WARN_DOCUMENTATION_COMMENTS = YES;
				CLANG_WARN_EMPTY_BODY = YES;
				CLANG_WARN_ENUM_CONVERSION = YES;
				CLANG_WARN_INFINITE_RECURSION = YES;
				CLANG_WARN_INT_CONVERSION = YES;
				CLANG_WARN_NON_LITERAL_NULL_CONVERSION = YES;
				CLANG_WARN_OBJC_LITERAL_CONVERSION = YES;
				CLANG_WARN_OBJC_ROOT_CLASS = YES_ERROR;
				CLANG_WARN_RANGE_LOOP_ANALYSIS = YES;
				CLANG_WARN_STRICT_PROTOTYPES = YES;
				CLANG_WARN_SUSPICIOUS_MOVE = YES;
				CLANG_WARN_UNGUARDED_AVAILABILITY = YES_AGGRESSIVE;
				CLANG_WARN_UNREACHABLE_CODE = YES;
				CLANG_WARN__DUPLICATE_METHOD_MATCH = YES;
				CODE_SIGN_IDENTITY = "-";
				COPY_PHASE_STRIP = NO;
				CURRENT_PROJECT_VERSION = 1;
				DEBUG_INFORMATION_FORMAT = dwarf;
				ENABLE_STRICT_OBJC_MSGSEND = YES;
				ENABLE_TESTABILITY = YES;
				GCC_C_LANGUAGE_STANDARD = gnu11;
				GCC_DYNAMIC_NO_PIC = NO;
				GCC_NO_COMMON_BLOCKS = YES;
				GCC_OPTIMIZATION_LEVEL = 0;
				GCC_PREPROCESSOR_DEFINITIONS = (
					"DEBUG=1",
					"$(inherited)",
				);
				GCC_WARN_64_TO_32_BIT_CONVERSION = YES;
				GCC_WARN_ABOUT_RETURN_TYPE = YES_ERROR;
				GCC_WARN_UNDECLARED_SELECTOR = YES;
				GCC_WARN_UNINITIALIZED_AUTOS = YES_AGGRESSIVE;
				GCC_WARN_UNUSED_FUNCTION = YES;
				GCC_WARN_UNUSED_VARIABLE = YES;
				MACOSX_DEPLOYMENT_TARGET = 10.12;
				MTL_ENABLE_DEBUG_INFO = YES;
				ONLY_ACTIVE_ARCH = YES;
				SDKROOT = macosx;
				SWIFT_ACTIVE_COMPILATION_CONDITIONS = DEBUG;
				SWIFT_OPTIMIZATION_LEVEL = "-Onone";
				VERSIONING_SYSTEM = "apple-generic";
				VERSION_INFO_PREFIX = "";
			};
			name = Debug;
		};
		A6FFAB9B20250A5000F61238 /* Release */ = {
			isa = XCBuildConfiguration;
			buildSettings = {
				ALWAYS_SEARCH_USER_PATHS = NO;
				CLANG_ANALYZER_NONNULL = YES;
				CLANG_ANALYZER_NUMBER_OBJECT_CONVERSION = YES_AGGRESSIVE;
				CLANG_CXX_LANGUAGE_STANDARD = "gnu++14";
				CLANG_CXX_LIBRARY = "libc++";
				CLANG_ENABLE_MODULES = YES;
				CLANG_ENABLE_OBJC_ARC = YES;
				CLANG_WARN_BLOCK_CAPTURE_AUTORELEASING = YES;
				CLANG_WARN_BOOL_CONVERSION = YES;
				CLANG_WARN_COMMA = YES;
				CLANG_WARN_CONSTANT_CONVERSION = YES;
				CLANG_WARN_DIRECT_OBJC_ISA_USAGE = YES_ERROR;
				CLANG_WARN_DOCUMENTATION_COMMENTS = YES;
				CLANG_WARN_EMPTY_BODY = YES;
				CLANG_WARN_ENUM_CONVERSION = YES;
				CLANG_WARN_INFINITE_RECURSION = YES;
				CLANG_WARN_INT_CONVERSION = YES;
				CLANG_WARN_NON_LITERAL_NULL_CONVERSION = YES;
				CLANG_WARN_OBJC_LITERAL_CONVERSION = YES;
				CLANG_WARN_OBJC_ROOT_CLASS = YES_ERROR;
				CLANG_WARN_RANGE_LOOP_ANALYSIS = YES;
				CLANG_WARN_STRICT_PROTOTYPES = YES;
				CLANG_WARN_SUSPICIOUS_MOVE = YES;
				CLANG_WARN_UNGUARDED_AVAILABILITY = YES_AGGRESSIVE;
				CLANG_WARN_UNREACHABLE_CODE = YES;
				CLANG_WARN__DUPLICATE_METHOD_MATCH = YES;
				CODE_SIGN_IDENTITY = "-";
				COPY_PHASE_STRIP = NO;
				CURRENT_PROJECT_VERSION = 1;
				DEBUG_INFORMATION_FORMAT = "dwarf-with-dsym";
				ENABLE_NS_ASSERTIONS = NO;
				ENABLE_STRICT_OBJC_MSGSEND = YES;
				GCC_C_LANGUAGE_STANDARD = gnu11;
				GCC_NO_COMMON_BLOCKS = YES;
				GCC_WARN_64_TO_32_BIT_CONVERSION = YES;
				GCC_WARN_ABOUT_RETURN_TYPE = YES_ERROR;
				GCC_WARN_UNDECLARED_SELECTOR = YES;
				GCC_WARN_UNINITIALIZED_AUTOS = YES_AGGRESSIVE;
				GCC_WARN_UNUSED_FUNCTION = YES;
				GCC_WARN_UNUSED_VARIABLE = YES;
				MACOSX_DEPLOYMENT_TARGET = 10.12;
				MTL_ENABLE_DEBUG_INFO = NO;
				SDKROOT = macosx;
				SWIFT_OPTIMIZATION_LEVEL = "-Owholemodule";
				VERSIONING_SYSTEM = "apple-generic";
				VERSION_INFO_PREFIX = "";
			};
			name = Release;
		};
		A6FFAB9D20250A5000F61238 /* Debug */ = {
			isa = XCBuildConfiguration;
			buildSettings = {
				CLANG_ENABLE_MODULES = YES;
				CODE_SIGN_IDENTITY = "";
				CODE_SIGN_STYLE = Automatic;
				COMBINE_HIDPI_IMAGES = YES;
				DEFINES_MODULE = YES;
				DYLIB_COMPATIBILITY_VERSION = 1;
				DYLIB_CURRENT_VERSION = 1;
				DYLIB_INSTALL_NAME_BASE = "@rpath";
				FRAMEWORK_VERSION = A;
				INFOPLIST_FILE = Codewars/Info.plist;
				INSTALL_PATH = "$(LOCAL_LIBRARY_DIR)/Frameworks";
				LD_RUNPATH_SEARCH_PATHS = "$(inherited) @executable_path/../Frameworks @loader_path/Frameworks";
				PRODUCT_BUNDLE_IDENTIFIER = dev.igorkislyuk.Codewars;
				PRODUCT_NAME = "$(TARGET_NAME:c99extidentifier)";
				SKIP_INSTALL = YES;
				SWIFT_OPTIMIZATION_LEVEL = "-Onone";
				SWIFT_VERSION = 4.0;
			};
			name = Debug;
		};
		A6FFAB9E20250A5000F61238 /* Release */ = {
			isa = XCBuildConfiguration;
			buildSettings = {
				CLANG_ENABLE_MODULES = YES;
				CODE_SIGN_IDENTITY = "";
				CODE_SIGN_STYLE = Automatic;
				COMBINE_HIDPI_IMAGES = YES;
				DEFINES_MODULE = YES;
				DYLIB_COMPATIBILITY_VERSION = 1;
				DYLIB_CURRENT_VERSION = 1;
				DYLIB_INSTALL_NAME_BASE = "@rpath";
				FRAMEWORK_VERSION = A;
				INFOPLIST_FILE = Codewars/Info.plist;
				INSTALL_PATH = "$(LOCAL_LIBRARY_DIR)/Frameworks";
				LD_RUNPATH_SEARCH_PATHS = "$(inherited) @executable_path/../Frameworks @loader_path/Frameworks";
				PRODUCT_BUNDLE_IDENTIFIER = dev.igorkislyuk.Codewars;
				PRODUCT_NAME = "$(TARGET_NAME:c99extidentifier)";
				SKIP_INSTALL = YES;
				SWIFT_VERSION = 4.0;
			};
			name = Release;
		};
		A6FFABA020250A5000F61238 /* Debug */ = {
			isa = XCBuildConfiguration;
			buildSettings = {
				ALWAYS_EMBED_SWIFT_STANDARD_LIBRARIES = YES;
				CODE_SIGN_STYLE = Automatic;
				COMBINE_HIDPI_IMAGES = YES;
				INFOPLIST_FILE = CodewarsTests/Info.plist;
				LD_RUNPATH_SEARCH_PATHS = "$(inherited) @executable_path/../Frameworks @loader_path/../Frameworks";
				PRODUCT_BUNDLE_IDENTIFIER = dev.igorkislyuk.CodewarsTests;
				PRODUCT_NAME = "$(TARGET_NAME)";
				SWIFT_VERSION = 4.0;
			};
			name = Debug;
		};
		A6FFABA120250A5000F61238 /* Release */ = {
			isa = XCBuildConfiguration;
			buildSettings = {
				ALWAYS_EMBED_SWIFT_STANDARD_LIBRARIES = YES;
				CODE_SIGN_STYLE = Automatic;
				COMBINE_HIDPI_IMAGES = YES;
				INFOPLIST_FILE = CodewarsTests/Info.plist;
				LD_RUNPATH_SEARCH_PATHS = "$(inherited) @executable_path/../Frameworks @loader_path/../Frameworks";
				PRODUCT_BUNDLE_IDENTIFIER = dev.igorkislyuk.CodewarsTests;
				PRODUCT_NAME = "$(TARGET_NAME)";
				SWIFT_VERSION = 4.0;
			};
			name = Release;
		};
		A6FFABF020250CD300F61238 /* Debug */ = {
			isa = XCBuildConfiguration;
			buildSettings = {
				ASSETCATALOG_COMPILER_APPICON_NAME = AppIcon;
				CODE_SIGN_ENTITLEMENTS = CodewarsApp/Support/CodewarsApp.entitlements;
				CODE_SIGN_STYLE = Automatic;
				COMBINE_HIDPI_IMAGES = YES;
				INFOPLIST_FILE = "$(SRCROOT)/CodewarsApp/Support/Info.plist";
				LD_RUNPATH_SEARCH_PATHS = "$(inherited) @executable_path/../Frameworks";
				PRODUCT_BUNDLE_IDENTIFIER = dev.igorkislyuk.CodewarsApp;
				PRODUCT_NAME = "$(TARGET_NAME)";
				SWIFT_VERSION = 4.0;
			};
			name = Debug;
		};
		A6FFABF120250CD300F61238 /* Release */ = {
			isa = XCBuildConfiguration;
			buildSettings = {
				ASSETCATALOG_COMPILER_APPICON_NAME = AppIcon;
				CODE_SIGN_ENTITLEMENTS = CodewarsApp/Support/CodewarsApp.entitlements;
				CODE_SIGN_STYLE = Automatic;
				COMBINE_HIDPI_IMAGES = YES;
				INFOPLIST_FILE = "$(SRCROOT)/CodewarsApp/Support/Info.plist";
				LD_RUNPATH_SEARCH_PATHS = "$(inherited) @executable_path/../Frameworks";
				PRODUCT_BUNDLE_IDENTIFIER = dev.igorkislyuk.CodewarsApp;
				PRODUCT_NAME = "$(TARGET_NAME)";
				SWIFT_VERSION = 4.0;
			};
			name = Release;
		};
/* End XCBuildConfiguration section */

/* Begin XCConfigurationList section */
		A6FFAB8220250A5000F61238 /* Build configuration list for PBXProject "Codewars" */ = {
			isa = XCConfigurationList;
			buildConfigurations = (
				A6FFAB9A20250A5000F61238 /* Debug */,
				A6FFAB9B20250A5000F61238 /* Release */,
			);
			defaultConfigurationIsVisible = 0;
			defaultConfigurationName = Release;
		};
		A6FFAB9C20250A5000F61238 /* Build configuration list for PBXNativeTarget "Codewars" */ = {
			isa = XCConfigurationList;
			buildConfigurations = (
				A6FFAB9D20250A5000F61238 /* Debug */,
				A6FFAB9E20250A5000F61238 /* Release */,
			);
			defaultConfigurationIsVisible = 0;
			defaultConfigurationName = Release;
		};
		A6FFAB9F20250A5000F61238 /* Build configuration list for PBXNativeTarget "CodewarsTests" */ = {
			isa = XCConfigurationList;
			buildConfigurations = (
				A6FFABA020250A5000F61238 /* Debug */,
				A6FFABA120250A5000F61238 /* Release */,
			);
			defaultConfigurationIsVisible = 0;
			defaultConfigurationName = Release;
		};
		A6FFABEF20250CD300F61238 /* Build configuration list for PBXNativeTarget "CodewarsApp" */ = {
			isa = XCConfigurationList;
			buildConfigurations = (
				A6FFABF020250CD300F61238 /* Debug */,
				A6FFABF120250CD300F61238 /* Release */,
			);
			defaultConfigurationIsVisible = 0;
			defaultConfigurationName = Release;
		};
/* End XCConfigurationList section */
	};
	rootObject = A6FFAB7F20250A5000F61238 /* Project object */;
}
